
Microsoft Visual Studio Solution File, Format Version 12.00
# Visual Studio Version 16
VisualStudioVersion = 25.0.1705.3
MinimumVisualStudioVersion = 10.0.40219.1
Project("{FAE04EC0-301F-11D3-BF4B-00C04F79EFBC}") = "NFPWebAPIs", "NFPWebAPIs\NFPWebAPIs.csproj", "{EDFC1334-E7DA-45F6-9D0B-1CEE068CD873}"
EndProject
Global
	GlobalSection(SolutionConfigurationPlatforms) = preSolution
		Debug|Any CPU = Debug|Any CPU
		Release|Any CPU = Release|Any CPU
	EndGlobalSection
	GlobalSection(ProjectConfigurationPlatforms) = postSolution
		{EDFC1334-E7DA-45F6-9D0B-1CEE068CD873}.Debug|Any CPU.ActiveCfg = Debug|Any CPU
		{EDFC1334-E7DA-45F6-9D0B-1CEE068CD873}.Debug|Any CPU.Build.0 = Debug|Any CPU
		{EDFC1334-E7DA-45F6-9D0B-1CEE068CD873}.Release|Any CPU.ActiveCfg = Release|Any CPU
		{EDFC1334-E7DA-45F6-9D0B-1CEE068CD873}.Release|Any CPU.Build.0 = Release|Any CPU
	EndGlobalSection
	GlobalSection(SolutionProperties) = preSolution
		HideSolutionNode = FALSE
	EndGlobalSection
	GlobalSection(ExtensibilityGlobals) = postSolution
		SolutionGuid = {88FF7587-7DBC-4093-BF0C-BF75A2EEC5CB}
	EndGlobalSection
EndGlobal
